
Microsoft Visual Studio Solution File, Format Version 12.00
# Visual Studio Version 17
VisualStudioVersion = 17.4.33403.182
MinimumVisualStudioVersion = 10.0.40219.1
Project("{FAE04EC0-301F-11D3-BF4B-00C04F79EFBC}") = "WebApplication1", "WebApplication1\WebApplication1.csproj", "{52E8FB09-5F0E-4B19-95E3-E20119866262}"
EndProject
Global
	GlobalSection(SolutionConfigurationPlatforms) = preSolution
		Debug|Any CPU = Debug|Any CPU
		Release|Any CPU = Release|Any CPU
	EndGlobalSection
	GlobalSection(ProjectConfigurationPlatforms) = postSolution
		{52E8FB09-5F0E-4B19-95E3-E20119866262}.Debug|Any CPU.ActiveCfg = Debug|Any CPU
		{52E8FB09-5F0E-4B19-95E3-E20119866262}.Debug|Any CPU.Build.0 = Debug|Any CPU
		{52E8FB09-5F0E-4B19-95E3-E20119866262}.Release|Any CPU.ActiveCfg = Release|Any CPU
		{52E8FB09-5F0E-4B19-95E3-E20119866262}.Release|Any CPU.Build.0 = Release|Any CPU
	EndGlobalSection
	GlobalSection(SolutionProperties) = preSolution
		HideSolutionNode = FALSE
	EndGlobalSection
	GlobalSection(ExtensibilityGlobals) = postSolution
		SolutionGuid = {AB48E54E-5891-4B05-8030-F66310D8BCC6}
	EndGlobalSection
EndGlobal
